
Microsoft Visual Studio Solution File, Format Version 12.00
# Visual Studio Version 17
VisualStudioVersion = 17.12.35514.174
MinimumVisualStudioVersion = 10.0.40219.1
Project("{FAE04EC0-301F-11D3-BF4B-00C04F79EFBC}") = "Demo 01", "Demo 01\Demo 01.csproj", "{2758827C-92EC-439D-AFD5-710E9C718EAA}"
EndProject
Project("{FAE04EC0-301F-11D3-BF4B-00C04F79EFBC}") = "Assignment 01", "Assignment 01\Assignment 01.csproj", "{A9CC9D8A-C163-4D25-9148-FB43ADF5243B}"
EndProject
Global
	GlobalSection(SolutionConfigurationPlatforms) = preSolution
		Debug|Any CPU = Debug|Any CPU
		Release|Any CPU = Release|Any CPU
	EndGlobalSection
	GlobalSection(ProjectConfigurationPlatforms) = postSolution
		{2758827C-92EC-439D-AFD5-710E9C718EAA}.Debug|Any CPU.ActiveCfg = Debug|Any CPU
		{2758827C-92EC-439D-AFD5-710E9C718EAA}.Debug|Any CPU.Build.0 = Debug|Any CPU
		{2758827C-92EC-439D-AFD5-710E9C718EAA}.Release|Any CPU.ActiveCfg = Release|Any CPU
		{2758827C-92EC-439D-AFD5-710E9C718EAA}.Release|Any CPU.Build.0 = Release|Any CPU
		{A9CC9D8A-C163-4D25-9148-FB43ADF5243B}.Debug|Any CPU.ActiveCfg = Debug|Any CPU
		{A9CC9D8A-C163-4D25-9148-FB43ADF5243B}.Debug|Any CPU.Build.0 = Debug|Any CPU
		{A9CC9D8A-C163-4D25-9148-FB43ADF5243B}.Release|Any CPU.ActiveCfg = Release|Any CPU
		{A9CC9D8A-C163-4D25-9148-FB43ADF5243B}.Release|Any CPU.Build.0 = Release|Any CPU
	EndGlobalSection
	GlobalSection(SolutionProperties) = preSolution
		HideSolutionNode = FALSE
	EndGlobalSection
EndGlobal
